
Microsoft Visual Studio Solution File, Format Version 12.00
# Visual Studio Version 17
VisualStudioVersion = 17.6.33829.357
MinimumVisualStudioVersion = 10.0.40219.1
Project("{FAE04EC0-301F-11D3-BF4B-00C04F79EFBC}") = "FortniteLauncher", "FortniteLauncher.csproj", "{EC037A12-4580-48AE-BB8E-C4AF89DCF51A}"
EndProject
Global
	GlobalSection(SolutionConfigurationPlatforms) = preSolution
		Debug|Any CPU = Debug|Any CPU
		Release|Any CPU = Release|Any CPU
	EndGlobalSection
	GlobalSection(ProjectConfigurationPlatforms) = postSolution
		{EC037A12-4580-48AE-BB8E-C4AF89DCF51A}.Debug|Any CPU.ActiveCfg = Debug|Any CPU
		{EC037A12-4580-48AE-BB8E-C4AF89DCF51A}.Debug|Any CPU.Build.0 = Debug|Any CPU
		{EC037A12-4580-48AE-BB8E-C4AF89DCF51A}.Release|Any CPU.ActiveCfg = Release|Any CPU
		{EC037A12-4580-48AE-BB8E-C4AF89DCF51A}.Release|Any CPU.Build.0 = Release|Any CPU
	EndGlobalSection
	GlobalSection(SolutionProperties) = preSolution
		HideSolutionNode = FALSE
	EndGlobalSection
	GlobalSection(ExtensibilityGlobals) = postSolution
		SolutionGuid = {4C1F46B5-D618-403C-8415-F89C1FA50A02}
	EndGlobalSection
EndGlobal
